
Microsoft Visual Studio Solution File, Format Version 12.00
# Visual Studio Version 17
VisualStudioVersion = 17.0.31903.59
MinimumVisualStudioVersion = 10.0.40219.1
Project("{FAE04EC0-301F-11D3-BF4B-00C04F79EFBC}") = "UGREENRemoteDrive", "UGREENRemoteDrive\UGREENRemoteDrive.csproj", "{4393CFF6-7712-4BED-A7E2-3C2A0FAB2677}"
EndProject
Project("{FAE04EC0-301F-11D3-BF4B-00C04F79EFBC}") = "UGREENRemoteDrive.Tests", "UGREENRemoteDrive.Tests\UGREENRemoteDrive.Tests.csproj", "{A8FEBC14-67F7-4517-9C55-8C13B37BA5D3}"
EndProject
Global
	GlobalSection(SolutionConfigurationPlatforms) = preSolution
		Debug|Any CPU = Debug|Any CPU
		Release|Any CPU = Release|Any CPU
	EndGlobalSection
	GlobalSection(SolutionProperties) = preSolution
		HideSolutionNode = FALSE
	EndGlobalSection
	GlobalSection(ProjectConfigurationPlatforms) = postSolution
		{4393CFF6-7712-4BED-A7E2-3C2A0FAB2677}.Debug|Any CPU.ActiveCfg = Debug|Any CPU
		{4393CFF6-7712-4BED-A7E2-3C2A0FAB2677}.Debug|Any CPU.Build.0 = Debug|Any CPU
		{4393CFF6-7712-4BED-A7E2-3C2A0FAB2677}.Release|Any CPU.ActiveCfg = Release|Any CPU
		{4393CFF6-7712-4BED-A7E2-3C2A0FAB2677}.Release|Any CPU.Build.0 = Release|Any CPU
		{A8FEBC14-67F7-4517-9C55-8C13B37BA5D3}.Debug|Any CPU.ActiveCfg = Debug|Any CPU
		{A8FEBC14-67F7-4517-9C55-8C13B37BA5D3}.Debug|Any CPU.Build.0 = Debug|Any CPU
		{A8FEBC14-67F7-4517-9C55-8C13B37BA5D3}.Release|Any CPU.ActiveCfg = Release|Any CPU
		{A8FEBC14-67F7-4517-9C55-8C13B37BA5D3}.Release|Any CPU.Build.0 = Release|Any CPU
	EndGlobalSection
EndGlobal
